
Microsoft Visual Studio Solution File, Format Version 12.00
# Visual Studio Version 17
VisualStudioVersion = 17.8.34330.188
MinimumVisualStudioVersion = 10.0.40219.1
Project("{FAE04EC0-301F-11D3-BF4B-00C04F79EFBC}") = "TechCareerBootcamp_Exam1", "TechCareerBootcamp_Exam1.csproj", "{DC3AC1DB-FA46-4B17-AB45-33E0B71F8265}"
EndProject
Global
	GlobalSection(SolutionConfigurationPlatforms) = preSolution
		Debug|Any CPU = Debug|Any CPU
		Release|Any CPU = Release|Any CPU
	EndGlobalSection
	GlobalSection(ProjectConfigurationPlatforms) = postSolution
		{DC3AC1DB-FA46-4B17-AB45-33E0B71F8265}.Debug|Any CPU.ActiveCfg = Debug|Any CPU
		{DC3AC1DB-FA46-4B17-AB45-33E0B71F8265}.Debug|Any CPU.Build.0 = Debug|Any CPU
		{DC3AC1DB-FA46-4B17-AB45-33E0B71F8265}.Release|Any CPU.ActiveCfg = Release|Any CPU
		{DC3AC1DB-FA46-4B17-AB45-33E0B71F8265}.Release|Any CPU.Build.0 = Release|Any CPU
	EndGlobalSection
	GlobalSection(SolutionProperties) = preSolution
		HideSolutionNode = FALSE
	EndGlobalSection
	GlobalSection(ExtensibilityGlobals) = postSolution
		SolutionGuid = {52CB16E6-0DB4-41ED-B3B1-B5EED61176AB}
	EndGlobalSection
EndGlobal
